{
  "name": "pajken",
  "version": "1.0.0",
  "lockfileVersion": 1,
  "requires": true,
  "dependencies": {
    "accepts": {
      "version": "1.3.7",
      "resolved": "https://artifactory.dc.teliacompany.net/artifactory/api/npm/npm-modules-cache-virtual/accepts/-/accepts-1.3.7.tgz",
      "integrity": "sha1-UxvHJlF6OytB+FACHGzBXqq1B80=",
      "requires": {
        "mime-types": "~2.1.24",
        "negotiator": "0.6.2"
      }
    },
    "ansi-regex": {
      "version": "2.1.1",
      "resolved": "https://artifactory.dc.teliacompany.net/artifactory/api/npm/npm-modules-cache-virtual/ansi-regex/-/ansi-regex-2.1.1.tgz",
      "integrity": "sha1-w7M6te42DYbg5ijwRorn7yfWVN8="
    },
    "aproba": {
      "version": "1.2.0",
      "resolved": "https://artifactory.dc.teliacompany.net/artifactory/api/npm/npm-modules-cache-virtual/aproba/-/aproba-1.2.0.tgz",
      "integrity": "sha1-aALmJk79GMeQobDVF/DyYnvyyUo="
    },
    "are-we-there-yet": {
      "version": "1.1.5",
      "resolved": "https://artifactory.dc.teliacompany.net/artifactory/api/npm/npm-modules-cache-virtual/are-we-there-yet/-/are-we-there-yet-1.1.5.tgz",
      "integrity": "sha1-SzXClE8GKov82mZBB2A1D+nd/CE=",
      "requires": {
        "delegates": "^1.0.0",
        "readable-stream": "^2.0.6"
      }
    },
    "array-flatten": {
      "version": "1.1.1",
      "resolved": "https://artifactory.dc.teliacompany.net/artifactory/api/npm/npm-modules-cache-virtual/array-flatten/-/array-flatten-1.1.1.tgz",
      "integrity": "sha1-ml9pkFGx5wczKPKgCJaLZOopVdI="
    },
    "base64-js": {
      "version": "1.5.1",
      "resolved": "https://artifactory.dc.teliacompany.net/artifactory/api/npm/npm-modules-cache-virtual/base64-js/-/base64-js-1.5.1.tgz",
      "integrity": "sha1-GxtEAWClv3rUC2UPCVljSBkDkwo="
    },
    "bl": {
      "version": "4.0.3",
      "resolved": "https://artifactory.dc.teliacompany.net/artifactory/api/npm/npm-modules-cache-virtual/bl/-/bl-4.0.3.tgz",
      "integrity": "sha1-EtYoetwpCA4ipwXldksqlSLNxIk=",
      "requires": {
        "buffer": "^5.5.0",
        "inherits": "^2.0.4",
        "readable-stream": "^3.4.0"
      },
      "dependencies": {
        "readable-stream": {
          "version": "3.6.0",
          "resolved": "https://artifactory.dc.teliacompany.net/artifactory/api/npm/npm-modules-cache-virtual/readable-stream/-/readable-stream-3.6.0.tgz",
          "integrity": "sha1-M3u9o63AcGvT4CRCaihtS0sskZg=",
          "requires": {
            "inherits": "^2.0.3",
            "string_decoder": "^1.1.1",
            "util-deprecate": "^1.0.1"
          }
        }
      }
    },
    "body-parser": {
      "version": "1.19.0",
      "resolved": "https://artifactory.dc.teliacompany.net/artifactory/api/npm/npm-modules-cache-virtual/body-parser/-/body-parser-1.19.0.tgz",
      "integrity": "sha1-lrJwnlfJxOCab9Zqj9l5hE9p8Io=",
      "requires": {
        "bytes": "3.1.0",
        "content-type": "~1.0.4",
        "debug": "2.6.9",
        "depd": "~1.1.2",
        "http-errors": "1.7.2",
        "iconv-lite": "0.4.24",
        "on-finished": "~2.3.0",
        "qs": "6.7.0",
        "raw-body": "2.4.0",
        "type-is": "~1.6.17"
      }
    },
    "buffer": {
      "version": "5.7.1",
      "resolved": "https://artifactory.dc.teliacompany.net/artifactory/api/npm/npm-modules-cache-virtual/buffer/-/buffer-5.7.1.tgz",
      "integrity": "sha1-umLnwTEzBTWCGXFghRqPZI6Z7tA=",
      "requires": {
        "base64-js": "^1.3.1",
        "ieee754": "^1.1.13"
      }
    },
    "bytes": {
      "version": "3.1.0",
      "resolved": "https://artifactory.dc.teliacompany.net/artifactory/api/npm/npm-modules-cache-virtual/bytes/-/bytes-3.1.0.tgz",
      "integrity": "sha1-9s95M6Ng4FiPqf3oVlHNx/gF0fY="
    },
    "chownr": {
      "version": "1.1.4",
      "resolved": "https://artifactory.dc.teliacompany.net/artifactory/api/npm/npm-modules-cache-virtual/chownr/-/chownr-1.1.4.tgz",
      "integrity": "sha1-b8nXtC0ypYNZYzdmbn0ICE2izGs="
    },
    "code-point-at": {
      "version": "1.1.0",
      "resolved": "https://artifactory.dc.teliacompany.net/artifactory/api/npm/npm-modules-cache-virtual/code-point-at/-/code-point-at-1.1.0.tgz",
      "integrity": "sha1-DQcLTQQ6W+ozovGkDi7bPZpMz3c="
    },
    "console-control-strings": {
      "version": "1.1.0",
      "resolved": "https://artifactory.dc.teliacompany.net/artifactory/api/npm/npm-modules-cache-virtual/console-control-strings/-/console-control-strings-1.1.0.tgz",
      "integrity": "sha1-PXz0Rk22RG6mRL9LOVB/mFEAjo4="
    },
    "content-disposition": {
      "version": "0.5.3",
      "resolved": "https://artifactory.dc.teliacompany.net/artifactory/api/npm/npm-modules-cache-virtual/content-disposition/-/content-disposition-0.5.3.tgz",
      "integrity": "sha1-4TDK9+cnkIfFYWwgB9BIVpiYT70=",
      "requires": {
        "safe-buffer": "5.1.2"
      }
    },
    "content-type": {
      "version": "1.0.4",
      "resolved": "https://artifactory.dc.teliacompany.net/artifactory/api/npm/npm-modules-cache-virtual/content-type/-/content-type-1.0.4.tgz",
      "integrity": "sha1-4TjMdeBAxyexlm/l5fjJruJW/js="
    },
    "cookie": {
      "version": "0.4.0",
      "resolved": "https://artifactory.dc.teliacompany.net/artifactory/api/npm/npm-modules-cache-virtual/cookie/-/cookie-0.4.0.tgz",
      "integrity": "sha1-vrQ35wIrO21JAZ0IhmUwPr6cFLo="
    },
    "cookie-signature": {
      "version": "1.0.6",
      "resolved": "https://artifactory.dc.teliacompany.net/artifactory/api/npm/npm-modules-cache-virtual/cookie-signature/-/cookie-signature-1.0.6.tgz",
      "integrity": "sha1-4wOogrNCzD7oylE6eZmXNNqzriw="
    },
    "core-util-is": {
      "version": "1.0.2",
      "resolved": "https://artifactory.dc.teliacompany.net/artifactory/api/npm/npm-modules-cache-virtual/core-util-is/-/core-util-is-1.0.2.tgz",
      "integrity": "sha1-tf1UIgqivFq1eqtxQMlAdUUDwac="
    },
    "debug": {
      "version": "2.6.9",
      "resolved": "https://artifactory.dc.teliacompany.net/artifactory/api/npm/npm-modules-cache-virtual/debug/-/debug-2.6.9.tgz",
      "integrity": "sha1-XRKFFd8TT/Mn6QpMk/Tgd6U2NB8=",
      "requires": {
        "ms": "2.0.0"
      }
    },
    "decompress-response": {
      "version": "4.2.1",
      "resolved": "https://artifactory.dc.teliacompany.net/artifactory/api/npm/npm-modules-cache-virtual/decompress-response/-/decompress-response-4.2.1.tgz",
      "integrity": "sha1-QUAjzHowLaJc4uyC0NUjjMr9iYY=",
      "requires": {
        "mimic-response": "^2.0.0"
      }
    },
    "deep-extend": {
      "version": "0.6.0",
      "resolved": "https://artifactory.dc.teliacompany.net/artifactory/api/npm/npm-modules-cache-virtual/deep-extend/-/deep-extend-0.6.0.tgz",
      "integrity": "sha1-xPp8lUBKF6nD6Mp+FTcxK3NjMKw="
    },
    "delegates": {
      "version": "1.0.0",
      "resolved": "https://artifactory.dc.teliacompany.net/artifactory/api/npm/npm-modules-cache-virtual/delegates/-/delegates-1.0.0.tgz",
      "integrity": "sha1-hMbhWbgZBP3KWaDvRM2HDTElD5o="
    },
    "depd": {
      "version": "1.1.2",
      "resolved": "https://artifactory.dc.teliacompany.net/artifactory/api/npm/npm-modules-cache-virtual/depd/-/depd-1.1.2.tgz",
      "integrity": "sha1-m81S4UwJd2PnSbJ0xDRu0uVgtak="
    },
    "destroy": {
      "version": "1.0.4",
      "resolved": "https://artifactory.dc.teliacompany.net/artifactory/api/npm/npm-modules-cache-virtual/destroy/-/destroy-1.0.4.tgz",
      "integrity": "sha1-l4hXRCxEdJ5CBmE+N5RiBYJqvYA="
    },
    "detect-libc": {
      "version": "1.0.3",
      "resolved": "https://artifactory.dc.teliacompany.net/artifactory/api/npm/npm-modules-cache-virtual/detect-libc/-/detect-libc-1.0.3.tgz",
      "integrity": "sha1-+hN8S9aY7fVc1c0CrFWfkaTEups="
    },
    "ee-first": {
      "version": "1.1.1",
      "resolved": "https://artifactory.dc.teliacompany.net/artifactory/api/npm/npm-modules-cache-virtual/ee-first/-/ee-first-1.1.1.tgz",
      "integrity": "sha1-WQxhFWsK4vTwJVcyoViyZrxWsh0="
    },
    "encodeurl": {
      "version": "1.0.2",
      "resolved": "https://artifactory.dc.teliacompany.net/artifactory/api/npm/npm-modules-cache-virtual/encodeurl/-/encodeurl-1.0.2.tgz",
      "integrity": "sha1-rT/0yG7C0CkyL1oCw6mmBslbP1k="
    },
    "end-of-stream": {
      "version": "1.4.4",
      "resolved": "https://artifactory.dc.teliacompany.net/artifactory/api/npm/npm-modules-cache-virtual/end-of-stream/-/end-of-stream-1.4.4.tgz",
      "integrity": "sha1-WuZKX0UFe682JuwU2gyl5LJDHrA=",
      "requires": {
        "once": "^1.4.0"
      }
    },
    "escape-html": {
      "version": "1.0.3",
      "resolved": "https://artifactory.dc.teliacompany.net/artifactory/api/npm/npm-modules-cache-virtual/escape-html/-/escape-html-1.0.3.tgz",
      "integrity": "sha1-Aljq5NPQwJdN4cFpGI7wBR0dGYg="
    },
    "etag": {
      "version": "1.8.1",
      "resolved": "https://artifactory.dc.teliacompany.net/artifactory/api/npm/npm-modules-cache-virtual/etag/-/etag-1.8.1.tgz",
      "integrity": "sha1-Qa4u62XvpiJorr/qg6x9eSmbCIc="
    },
    "expand-template": {
      "version": "2.0.3",
      "resolved": "https://artifactory.dc.teliacompany.net/artifactory/api/npm/npm-modules-cache-virtual/expand-template/-/expand-template-2.0.3.tgz",
      "integrity": "sha1-bhSz/O4POmNA7LV9LokYaSBSpHw="
    },
    "express": {
      "version": "4.17.1",
      "resolved": "https://artifactory.dc.teliacompany.net/artifactory/api/npm/npm-modules-cache-virtual/express/-/express-4.17.1.tgz",
      "integrity": "sha1-RJH8OGBc9R+GKdOcK10Cb5ikwTQ=",
      "requires": {
        "accepts": "~1.3.7",
        "array-flatten": "1.1.1",
        "body-parser": "1.19.0",
        "content-disposition": "0.5.3",
        "content-type": "~1.0.4",
        "cookie": "0.4.0",
        "cookie-signature": "1.0.6",
        "debug": "2.6.9",
        "depd": "~1.1.2",
        "encodeurl": "~1.0.2",
        "escape-html": "~1.0.3",
        "etag": "~1.8.1",
        "finalhandler": "~1.1.2",
        "fresh": "0.5.2",
        "merge-descriptors": "1.0.1",
        "methods": "~1.1.2",
        "on-finished": "~2.3.0",
        "parseurl": "~1.3.3",
        "path-to-regexp": "0.1.7",
        "proxy-addr": "~2.0.5",
        "qs": "6.7.0",
        "range-parser": "~1.2.1",
        "safe-buffer": "5.1.2",
        "send": "0.17.1",
        "serve-static": "1.14.1",
        "setprototypeof": "1.1.1",
        "statuses": "~1.5.0",
        "type-is": "~1.6.18",
        "utils-merge": "1.0.1",
        "vary": "~1.1.2"
      }
    },
    "finalhandler": {
      "version": "1.1.2",
      "resolved": "https://artifactory.dc.teliacompany.net/artifactory/api/npm/npm-modules-cache-virtual/finalhandler/-/finalhandler-1.1.2.tgz",
      "integrity": "sha1-t+fQAP/RGTjQ/bBTUG9uur6fWH0=",
      "requires": {
        "debug": "2.6.9",
        "encodeurl": "~1.0.2",
        "escape-html": "~1.0.3",
        "on-finished": "~2.3.0",
        "parseurl": "~1.3.3",
        "statuses": "~1.5.0",
        "unpipe": "~1.0.0"
      }
    },
    "forwarded": {
      "version": "0.1.2",
      "resolved": "https://artifactory.dc.teliacompany.net/artifactory/api/npm/npm-modules-cache-virtual/forwarded/-/forwarded-0.1.2.tgz",
      "integrity": "sha1-mMI9qxF1ZXuMBXPozszZGw/xjIQ="
    },
    "fresh": {
      "version": "0.5.2",
      "resolved": "https://artifactory.dc.teliacompany.net/artifactory/api/npm/npm-modules-cache-virtual/fresh/-/fresh-0.5.2.tgz",
      "integrity": "sha1-PYyt2Q2XZWn6g1qx+OSyOhBWBac="
    },
    "fs-constants": {
      "version": "1.0.0",
      "resolved": "https://artifactory.dc.teliacompany.net/artifactory/api/npm/npm-modules-cache-virtual/fs-constants/-/fs-constants-1.0.0.tgz",
      "integrity": "sha1-a+Dem+mYzhavivwkSXue6bfM2a0="
    },
    "gauge": {
      "version": "2.7.4",
      "resolved": "https://artifactory.dc.teliacompany.net/artifactory/api/npm/npm-modules-cache-virtual/gauge/-/gauge-2.7.4.tgz",
      "integrity": "sha1-LANAXHU4w51+s3sxcCLjJfsBi/c=",
      "requires": {
        "aproba": "^1.0.3",
        "console-control-strings": "^1.0.0",
        "has-unicode": "^2.0.0",
        "object-assign": "^4.1.0",
        "signal-exit": "^3.0.0",
        "string-width": "^1.0.1",
        "strip-ansi": "^3.0.1",
        "wide-align": "^1.1.0"
      }
    },
    "github-from-package": {
      "version": "0.0.0",
      "resolved": "https://artifactory.dc.teliacompany.net/artifactory/api/npm/npm-modules-cache-virtual/github-from-package/-/github-from-package-0.0.0.tgz",
      "integrity": "sha1-l/tdlr/eiXMxPyDoKI75oWf6ZM4="
    },
    "has-unicode": {
      "version": "2.0.1",
      "resolved": "https://artifactory.dc.teliacompany.net/artifactory/api/npm/npm-modules-cache-virtual/has-unicode/-/has-unicode-2.0.1.tgz",
      "integrity": "sha1-4Ob+aijPUROIVeCG0Wkedx3iqLk="
    },
    "http-errors": {
      "version": "1.7.2",
      "resolved": "https://artifactory.dc.teliacompany.net/artifactory/api/npm/npm-modules-cache-virtual/http-errors/-/http-errors-1.7.2.tgz",
      "integrity": "sha1-T1ApzxMjnzEDblsuVSkrz7zIXI8=",
      "requires": {
        "depd": "~1.1.2",
        "inherits": "2.0.3",
        "setprototypeof": "1.1.1",
        "statuses": ">= 1.5.0 < 2",
        "toidentifier": "1.0.0"
      },
      "dependencies": {
        "inherits": {
          "version": "2.0.3",
          "resolved": "https://artifactory.dc.teliacompany.net/artifactory/api/npm/npm-modules-cache-virtual/inherits/-/inherits-2.0.3.tgz",
          "integrity": "sha1-Yzwsg+PaQqUC9SRmAiSA9CCCYd4="
        }
      }
    },
    "iconv-lite": {
      "version": "0.4.24",
      "resolved": "https://artifactory.dc.teliacompany.net/artifactory/api/npm/npm-modules-cache-virtual/iconv-lite/-/iconv-lite-0.4.24.tgz",
      "integrity": "sha1-ICK0sl+93CHS9SSXSkdKr+czkIs=",
      "requires": {
        "safer-buffer": ">= 2.1.2 < 3"
      }
    },
    "ieee754": {
      "version": "1.2.1",
      "resolved": "https://artifactory.dc.teliacompany.net/artifactory/api/npm/npm-modules-cache-virtual/ieee754/-/ieee754-1.2.1.tgz",
      "integrity": "sha1-jrehCmP/8l0VpXsAFYbRd9Gw01I="
    },
    "inherits": {
      "version": "2.0.4",
      "resolved": "https://artifactory.dc.teliacompany.net/artifactory/api/npm/npm-modules-cache-virtual/inherits/-/inherits-2.0.4.tgz",
      "integrity": "sha1-D6LGT5MpF8NDOg3tVTY6rjdBa3w="
    },
    "ini": {
      "version": "1.3.8",
      "resolved": "https://artifactory.dc.teliacompany.net/artifactory/api/npm/npm-modules-cache-virtual/ini/-/ini-1.3.8.tgz",
      "integrity": "sha1-op2kJbSIBvNHZ6Tvzjlyaa8oQyw="
    },
    "ipaddr.js": {
      "version": "1.9.1",
      "resolved": "https://artifactory.dc.teliacompany.net/artifactory/api/npm/npm-modules-cache-virtual/ipaddr.js/-/ipaddr.js-1.9.1.tgz",
      "integrity": "sha1-v/OFQ+64mEglB5/zoqjmy9RngbM="
    },
    "is-fullwidth-code-point": {
      "version": "1.0.0",
      "resolved": "https://artifactory.dc.teliacompany.net/artifactory/api/npm/npm-modules-cache-virtual/is-fullwidth-code-point/-/is-fullwidth-code-point-1.0.0.tgz",
      "integrity": "sha1-754xOG8DGn8NZDr4L95QxFfvAMs=",
      "requires": {
        "number-is-nan": "^1.0.0"
      }
    },
    "isarray": {
      "version": "1.0.0",
      "resolved": "https://artifactory.dc.teliacompany.net/artifactory/api/npm/npm-modules-cache-virtual/isarray/-/isarray-1.0.0.tgz",
      "integrity": "sha1-u5NdSFgsuhaMBoNJV6VKPgcSTxE="
    },
    "media-typer": {
      "version": "0.3.0",
      "resolved": "https://artifactory.dc.teliacompany.net/artifactory/api/npm/npm-modules-cache-virtual/media-typer/-/media-typer-0.3.0.tgz",
      "integrity": "sha1-hxDXrwqmJvj/+hzgAWhUUmMlV0g="
    },
    "merge-descriptors": {
      "version": "1.0.1",
      "resolved": "https://artifactory.dc.teliacompany.net/artifactory/api/npm/npm-modules-cache-virtual/merge-descriptors/-/merge-descriptors-1.0.1.tgz",
      "integrity": "sha1-sAqqVW3YtEVoFQ7J0blT8/kMu2E="
    },
    "methods": {
      "version": "1.1.2",
      "resolved": "https://artifactory.dc.teliacompany.net/artifactory/api/npm/npm-modules-cache-virtual/methods/-/methods-1.1.2.tgz",
      "integrity": "sha1-VSmk1nZUE07cxSZmVoNbD4Ua/O4="
    },
    "mime": {
      "version": "1.6.0",
      "resolved": "https://artifactory.dc.teliacompany.net/artifactory/api/npm/npm-modules-cache-virtual/mime/-/mime-1.6.0.tgz",
      "integrity": "sha1-Ms2eXGRVO9WNGaVor0Uqz/BJgbE="
    },
    "mime-db": {
      "version": "1.45.0",
      "resolved": "https://artifactory.dc.teliacompany.net/artifactory/api/npm/npm-modules-cache-virtual/mime-db/-/mime-db-1.45.0.tgz",
      "integrity": "sha1-zO7aIczXw6dF66LezVXUtz54eeo="
    },
    "mime-types": {
      "version": "2.1.28",
      "resolved": "https://artifactory.dc.teliacompany.net/artifactory/api/npm/npm-modules-cache-virtual/mime-types/-/mime-types-2.1.28.tgz",
      "integrity": "sha1-EWDEdX6rLFNjiI4AUnPs950qDs0=",
      "requires": {
        "mime-db": "1.45.0"
      }
    },
    "mimic-response": {
      "version": "2.1.0",
      "resolved": "https://artifactory.dc.teliacompany.net/artifactory/api/npm/npm-modules-cache-virtual/mimic-response/-/mimic-response-2.1.0.tgz",
      "integrity": "sha1-0Tdj019hPQnsN+uzC6wEacDuj0M="
    },
    "minimist": {
      "version": "1.2.5",
      "resolved": "https://artifactory.dc.teliacompany.net/artifactory/api/npm/npm-modules-cache-virtual/minimist/-/minimist-1.2.5.tgz",
      "integrity": "sha1-Z9ZgFLZqaoqqDAg8X9WN9OTpdgI="
    },
    "mkdirp-classic": {
      "version": "0.5.3",
      "resolved": "https://artifactory.dc.teliacompany.net/artifactory/api/npm/npm-modules-cache-virtual/mkdirp-classic/-/mkdirp-classic-0.5.3.tgz",
      "integrity": "sha1-+hDJEVzG2IZb4iG6R+6b7XhgERM="
    },
    "ms": {
      "version": "2.0.0",
      "resolved": "https://artifactory.dc.teliacompany.net/artifactory/api/npm/npm-modules-cache-virtual/ms/-/ms-2.0.0.tgz",
      "integrity": "sha1-VgiurfwAvmwpAd9fmGF4jeDVl8g="
    },
    "nan": {
      "version": "2.14.2",
      "resolved": "https://artifactory.dc.teliacompany.net/artifactory/api/npm/npm-modules-cache-virtual/nan/-/nan-2.14.2.tgz",
      "integrity": "sha1-9TdkAGlRaPTMaUrJOT0MlYXu6hk="
    },
    "napi-build-utils": {
      "version": "1.0.2",
      "resolved": "https://artifactory.dc.teliacompany.net/artifactory/api/npm/npm-modules-cache-virtual/napi-build-utils/-/napi-build-utils-1.0.2.tgz",
      "integrity": "sha1-sf3cCyxG44Cgt6dvmE3UfEGhOAY="
    },
    "negotiator": {
      "version": "0.6.2",
      "resolved": "https://artifactory.dc.teliacompany.net/artifactory/api/npm/npm-modules-cache-virtual/negotiator/-/negotiator-0.6.2.tgz",
      "integrity": "sha1-/qz3zPUlp3rpY0Q2pkiD/+yjRvs="
    },
    "node-abi": {
      "version": "2.19.3",
      "resolved": "https://artifactory.dc.teliacompany.net/artifactory/api/npm/npm-modules-cache-virtual/node-abi/-/node-abi-2.19.3.tgz",
      "integrity": "sha1-JS9dyrEtrRtVA7LSft3UczkwKC0=",
      "requires": {
        "semver": "^5.4.1"
      }
    },
    "noop-logger": {
      "version": "0.1.1",
      "resolved": "https://artifactory.dc.teliacompany.net/artifactory/api/npm/npm-modules-cache-virtual/noop-logger/-/noop-logger-0.1.1.tgz",
      "integrity": "sha1-lKKxYzxPExdVMAfYlm/Q6EG2pMI="
    },
    "npmlog": {
      "version": "4.1.2",
      "resolved": "https://artifactory.dc.teliacompany.net/artifactory/api/npm/npm-modules-cache-virtual/npmlog/-/npmlog-4.1.2.tgz",
      "integrity": "sha1-CKfyqL9zRgR3mp76StXMcXq7lUs=",
      "requires": {
        "are-we-there-yet": "~1.1.2",
        "console-control-strings": "~1.1.0",
        "gauge": "~2.7.3",
        "set-blocking": "~2.0.0"
      }
    },
    "number-is-nan": {
      "version": "1.0.1",
      "resolved": "https://artifactory.dc.teliacompany.net/artifactory/api/npm/npm-modules-cache-virtual/number-is-nan/-/number-is-nan-1.0.1.tgz",
      "integrity": "sha1-CXtgK1NCKlIsGvuHkDGDNpQaAR0="
    },
    "object-assign": {
      "version": "4.1.1",
      "resolved": "https://artifactory.dc.teliacompany.net/artifactory/api/npm/npm-modules-cache-virtual/object-assign/-/object-assign-4.1.1.tgz",
      "integrity": "sha1-IQmtx5ZYh8/AXLvUQsrIv7s2CGM="
    },
    "on-finished": {
      "version": "2.3.0",
      "resolved": "https://artifactory.dc.teliacompany.net/artifactory/api/npm/npm-modules-cache-virtual/on-finished/-/on-finished-2.3.0.tgz",
      "integrity": "sha1-IPEzZIGwg811M3mSoWlxqi2QaUc=",
      "requires": {
        "ee-first": "1.1.1"
      }
    },
    "once": {
      "version": "1.4.0",
      "resolved": "https://artifactory.dc.teliacompany.net/artifactory/api/npm/npm-modules-cache-virtual/once/-/once-1.4.0.tgz",
      "integrity": "sha1-WDsap3WWHUsROsF9nFC6753Xa9E=",
      "requires": {
        "wrappy": "1"
      }
    },
    "parseurl": {
      "version": "1.3.3",
      "resolved": "https://artifactory.dc.teliacompany.net/artifactory/api/npm/npm-modules-cache-virtual/parseurl/-/parseurl-1.3.3.tgz",
      "integrity": "sha1-naGee+6NEt/wUT7Vt2lXeTvC6NQ="
    },
    "path-to-regexp": {
      "version": "0.1.7",
      "resolved": "https://artifactory.dc.teliacompany.net/artifactory/api/npm/npm-modules-cache-virtual/path-to-regexp/-/path-to-regexp-0.1.7.tgz",
      "integrity": "sha1-32BBeABfUi8V60SQ5yR6G/qmf4w="
    },
    "prebuild-install": {
      "version": "5.3.6",
      "resolved": "https://artifactory.dc.teliacompany.net/artifactory/api/npm/npm-modules-cache-virtual/prebuild-install/-/prebuild-install-5.3.6.tgz",
      "integrity": "sha1-fCJVaNhkxx2J0H+HlgQnM6P1QpE=",
      "requires": {
        "detect-libc": "^1.0.3",
        "expand-template": "^2.0.3",
        "github-from-package": "0.0.0",
        "minimist": "^1.2.3",
        "mkdirp-classic": "^0.5.3",
        "napi-build-utils": "^1.0.1",
        "node-abi": "^2.7.0",
        "noop-logger": "^0.1.1",
        "npmlog": "^4.0.1",
        "pump": "^3.0.0",
        "rc": "^1.2.7",
        "simple-get": "^3.0.3",
        "tar-fs": "^2.0.0",
        "tunnel-agent": "^0.6.0",
        "which-pm-runs": "^1.0.0"
      }
    },
    "process-nextick-args": {
      "version": "2.0.1",
      "resolved": "https://artifactory.dc.teliacompany.net/artifactory/api/npm/npm-modules-cache-virtual/process-nextick-args/-/process-nextick-args-2.0.1.tgz",
      "integrity": "sha1-eCDZsWEgzFXKmud5JoCufbptf+I="
    },
    "proxy-addr": {
      "version": "2.0.6",
      "resolved": "https://artifactory.dc.teliacompany.net/artifactory/api/npm/npm-modules-cache-virtual/proxy-addr/-/proxy-addr-2.0.6.tgz",
      "integrity": "sha1-/cIzZQVEfT8vLGOO0nLK9hS7sr8=",
      "requires": {
        "forwarded": "~0.1.2",
        "ipaddr.js": "1.9.1"
      }
    },
    "pump": {
      "version": "3.0.0",
      "resolved": "https://artifactory.dc.teliacompany.net/artifactory/api/npm/npm-modules-cache-virtual/pump/-/pump-3.0.0.tgz",
      "integrity": "sha1-tKIRaBW94vTh6mAjVOjHVWUQemQ=",
      "requires": {
        "end-of-stream": "^1.1.0",
        "once": "^1.3.1"
      }
    },
    "qs": {
      "version": "6.7.0",
      "resolved": "https://artifactory.dc.teliacompany.net/artifactory/api/npm/npm-modules-cache-virtual/qs/-/qs-6.7.0.tgz",
      "integrity": "sha1-QdwaAV49WB8WIXdr4xr7KHapsbw="
    },
    "range-parser": {
      "version": "1.2.1",
      "resolved": "https://artifactory.dc.teliacompany.net/artifactory/api/npm/npm-modules-cache-virtual/range-parser/-/range-parser-1.2.1.tgz",
      "integrity": "sha1-PPNwI9GZ4cJNGlW4SADC8+ZGgDE="
    },
    "raw-body": {
      "version": "2.4.0",
      "resolved": "https://artifactory.dc.teliacompany.net/artifactory/api/npm/npm-modules-cache-virtual/raw-body/-/raw-body-2.4.0.tgz",
      "integrity": "sha1-oc5vucm8NWylLoklarWQWeE9AzI=",
      "requires": {
        "bytes": "3.1.0",
        "http-errors": "1.7.2",
        "iconv-lite": "0.4.24",
        "unpipe": "1.0.0"
      }
    },
    "rc": {
      "version": "1.2.8",
      "resolved": "https://artifactory.dc.teliacompany.net/artifactory/api/npm/npm-modules-cache-virtual/rc/-/rc-1.2.8.tgz",
      "integrity": "sha1-zZJL9SAKB1uDwYjNa54hG3/A0+0=",
      "requires": {
        "deep-extend": "^0.6.0",
        "ini": "~1.3.0",
        "minimist": "^1.2.0",
        "strip-json-comments": "~2.0.1"
      }
    },
    "readable-stream": {
      "version": "2.3.7",
      "resolved": "https://artifactory.dc.teliacompany.net/artifactory/api/npm/npm-modules-cache-virtual/readable-stream/-/readable-stream-2.3.7.tgz",
      "integrity": "sha1-Hsoc9xGu+BTAT2IlKjamL2yyO1c=",
      "requires": {
        "core-util-is": "~1.0.0",
        "inherits": "~2.0.3",
        "isarray": "~1.0.0",
        "process-nextick-args": "~2.0.0",
        "safe-buffer": "~5.1.1",
        "string_decoder": "~1.1.1",
        "util-deprecate": "~1.0.1"
      }
    },
    "robotjs": {
      "version": "0.6.0",
      "resolved": "https://artifactory.dc.teliacompany.net/artifactory/api/npm/npm-modules-cache-virtual/robotjs/-/robotjs-0.6.0.tgz",
      "integrity": "sha1-jR9jIh9bGNxJbHdo91JhBDiR9ko=",
      "requires": {
        "nan": "^2.14.0",
        "node-abi": "^2.13.0",
        "prebuild-install": "^5.3.3"
      }
    },
    "safe-buffer": {
      "version": "5.1.2",
      "resolved": "https://artifactory.dc.teliacompany.net/artifactory/api/npm/npm-modules-cache-virtual/safe-buffer/-/safe-buffer-5.1.2.tgz",
      "integrity": "sha1-mR7GnSluAxN0fVm9/St0XDX4go0="
    },
    "safer-buffer": {
      "version": "2.1.2",
      "resolved": "https://artifactory.dc.teliacompany.net/artifactory/api/npm/npm-modules-cache-virtual/safer-buffer/-/safer-buffer-2.1.2.tgz",
      "integrity": "sha1-RPoWGwGHuVSd2Eu5GAL5vYOFzWo="
    },
    "semver": {
      "version": "5.7.1",
      "resolved": "https://artifactory.dc.teliacompany.net/artifactory/api/npm/npm-modules-cache-virtual/semver/-/semver-5.7.1.tgz",
      "integrity": "sha1-qVT5Ma66UI0we78Gnv8MAclhFvc="
    },
    "send": {
      "version": "0.17.1",
      "resolved": "https://artifactory.dc.teliacompany.net/artifactory/api/npm/npm-modules-cache-virtual/send/-/send-0.17.1.tgz",
      "integrity": "sha1-wdiwWfeQD3Rm3Uk4vcROEd2zdsg=",
      "requires": {
        "debug": "2.6.9",
        "depd": "~1.1.2",
        "destroy": "~1.0.4",
        "encodeurl": "~1.0.2",
        "escape-html": "~1.0.3",
        "etag": "~1.8.1",
        "fresh": "0.5.2",
        "http-errors": "~1.7.2",
        "mime": "1.6.0",
        "ms": "2.1.1",
        "on-finished": "~2.3.0",
        "range-parser": "~1.2.1",
        "statuses": "~1.5.0"
      },
      "dependencies": {
        "ms": {
          "version": "2.1.1",
          "resolved": "https://artifactory.dc.teliacompany.net/artifactory/api/npm/npm-modules-cache-virtual/ms/-/ms-2.1.1.tgz",
          "integrity": "sha1-MKWGTrPrsKZvLr5tcnrwagnYbgo="
        }
      }
    },
    "serve-static": {
      "version": "1.14.1",
      "resolved": "https://artifactory.dc.teliacompany.net/artifactory/api/npm/npm-modules-cache-virtual/serve-static/-/serve-static-1.14.1.tgz",
      "integrity": "sha1-Zm5jbcTwEPfvKZcKiKZ0MgiYsvk=",
      "requires": {
        "encodeurl": "~1.0.2",
        "escape-html": "~1.0.3",
        "parseurl": "~1.3.3",
        "send": "0.17.1"
      }
    },
    "set-blocking": {
      "version": "2.0.0",
      "resolved": "https://artifactory.dc.teliacompany.net/artifactory/api/npm/npm-modules-cache-virtual/set-blocking/-/set-blocking-2.0.0.tgz",
      "integrity": "sha1-BF+XgtARrppoA93TgrJDkrPYkPc="
    },
    "setprototypeof": {
      "version": "1.1.1",
      "resolved": "https://artifactory.dc.teliacompany.net/artifactory/api/npm/npm-modules-cache-virtual/setprototypeof/-/setprototypeof-1.1.1.tgz",
      "integrity": "sha1-fpWsskqpL1iF4KvvW6ExMw1K5oM="
    },
    "signal-exit": {
      "version": "3.0.3",
      "resolved": "https://artifactory.dc.teliacompany.net/artifactory/api/npm/npm-modules-cache-virtual/signal-exit/-/signal-exit-3.0.3.tgz",
      "integrity": "sha1-oUEMLt2PB3sItOJTyOrPyvBXRhw="
    },
    "simple-concat": {
      "version": "1.0.1",
      "resolved": "https://artifactory.dc.teliacompany.net/artifactory/api/npm/npm-modules-cache-virtual/simple-concat/-/simple-concat-1.0.1.tgz",
      "integrity": "sha1-9Gl2CCujXCJj8cirXt/ibEHJVS8="
    },
    "simple-get": {
      "version": "3.1.0",
      "resolved": "https://artifactory.dc.teliacompany.net/artifactory/api/npm/npm-modules-cache-virtual/simple-get/-/simple-get-3.1.0.tgz",
      "integrity": "sha1-tFvgYkNeUNFZVAtXYgLO7EC5xrM=",
      "requires": {
        "decompress-response": "^4.2.0",
        "once": "^1.3.1",
        "simple-concat": "^1.0.0"
      }
    },
    "statuses": {
      "version": "1.5.0",
      "resolved": "https://artifactory.dc.teliacompany.net/artifactory/api/npm/npm-modules-cache-virtual/statuses/-/statuses-1.5.0.tgz",
      "integrity": "sha1-Fhx9rBd2Wf2YEfQ3cfqZOBR4Yow="
    },
    "string-width": {
      "version": "1.0.2",
      "resolved": "https://artifactory.dc.teliacompany.net/artifactory/api/npm/npm-modules-cache-virtual/string-width/-/string-width-1.0.2.tgz",
      "integrity": "sha1-EYvfW4zcUaKn5w0hHgfisLmxB9M=",
      "requires": {
        "code-point-at": "^1.0.0",
        "is-fullwidth-code-point": "^1.0.0",
        "strip-ansi": "^3.0.0"
      }
    },
    "string_decoder": {
      "version": "1.1.1",
      "resolved": "https://artifactory.dc.teliacompany.net/artifactory/api/npm/npm-modules-cache-virtual/string_decoder/-/string_decoder-1.1.1.tgz",
      "integrity": "sha1-nPFhG6YmhdcDCunkujQUnDrwP8g=",
      "requires": {
        "safe-buffer": "~5.1.0"
      }
    },
    "strip-ansi": {
      "version": "3.0.1",
      "resolved": "https://artifactory.dc.teliacompany.net/artifactory/api/npm/npm-modules-cache-virtual/strip-ansi/-/strip-ansi-3.0.1.tgz",
      "integrity": "sha1-ajhfuIU9lS1f8F0Oiq+UJ43GPc8=",
      "requires": {
        "ansi-regex": "^2.0.0"
      }
    },
    "strip-json-comments": {
      "version": "2.0.1",
      "resolved": "https://artifactory.dc.teliacompany.net/artifactory/api/npm/npm-modules-cache-virtual/strip-json-comments/-/strip-json-comments-2.0.1.tgz",
      "integrity": "sha1-PFMZQukIwml8DsNEhYwobHygpgo="
    },
    "tar-fs": {
      "version": "2.1.1",
      "resolved": "https://artifactory.dc.teliacompany.net/artifactory/api/npm/npm-modules-cache-virtual/tar-fs/-/tar-fs-2.1.1.tgz",
      "integrity": "sha1-SJoVq4Xx8L76uzcLfeT561y+h4Q=",
      "requires": {
        "chownr": "^1.1.1",
        "mkdirp-classic": "^0.5.2",
        "pump": "^3.0.0",
        "tar-stream": "^2.1.4"
      }
    },
    "tar-stream": {
      "version": "2.2.0",
      "resolved": "https://artifactory.dc.teliacompany.net/artifactory/api/npm/npm-modules-cache-virtual/tar-stream/-/tar-stream-2.2.0.tgz",
      "integrity": "sha1-rK2EwoQTawYNw/qmRHSqmuvXcoc=",
      "requires": {
        "bl": "^4.0.3",
        "end-of-stream": "^1.4.1",
        "fs-constants": "^1.0.0",
        "inherits": "^2.0.3",
        "readable-stream": "^3.1.1"
      },
      "dependencies": {
        "readable-stream": {
          "version": "3.6.0",
          "resolved": "https://artifactory.dc.teliacompany.net/artifactory/api/npm/npm-modules-cache-virtual/readable-stream/-/readable-stream-3.6.0.tgz",
          "integrity": "sha1-M3u9o63AcGvT4CRCaihtS0sskZg=",
          "requires": {
            "inherits": "^2.0.3",
            "string_decoder": "^1.1.1",
            "util-deprecate": "^1.0.1"
          }
        }
      }
    },
    "toidentifier": {
      "version": "1.0.0",
      "resolved": "https://artifactory.dc.teliacompany.net/artifactory/api/npm/npm-modules-cache-virtual/toidentifier/-/toidentifier-1.0.0.tgz",
      "integrity": "sha1-fhvjRw8ed5SLxD2Uo8j013UrpVM="
    },
    "tunnel-agent": {
      "version": "0.6.0",
      "resolved": "https://artifactory.dc.teliacompany.net/artifactory/api/npm/npm-modules-cache-virtual/tunnel-agent/-/tunnel-agent-0.6.0.tgz",
      "integrity": "sha1-J6XeoGs2sEoKmWZ3SykIaPD8QP0=",
      "requires": {
        "safe-buffer": "^5.0.1"
      }
    },
    "type-is": {
      "version": "1.6.18",
      "resolved": "https://artifactory.dc.teliacompany.net/artifactory/api/npm/npm-modules-cache-virtual/type-is/-/type-is-1.6.18.tgz",
      "integrity": "sha1-TlUs0F3wlGfcvE73Od6J8s83wTE=",
      "requires": {
        "media-typer": "0.3.0",
        "mime-types": "~2.1.24"
      }
    },
    "unpipe": {
      "version": "1.0.0",
      "resolved": "https://artifactory.dc.teliacompany.net/artifactory/api/npm/npm-modules-cache-virtual/unpipe/-/unpipe-1.0.0.tgz",
      "integrity": "sha1-sr9O6FFKrmFltIF4KdIbLvSZBOw="
    },
    "util-deprecate": {
      "version": "1.0.2",
      "resolved": "https://artifactory.dc.teliacompany.net/artifactory/api/npm/npm-modules-cache-virtual/util-deprecate/-/util-deprecate-1.0.2.tgz",
      "integrity": "sha1-RQ1Nyfpw3nMnYvvS1KKJgUGaDM8="
    },
    "utils-merge": {
      "version": "1.0.1",
      "resolved": "https://artifactory.dc.teliacompany.net/artifactory/api/npm/npm-modules-cache-virtual/utils-merge/-/utils-merge-1.0.1.tgz",
      "integrity": "sha1-n5VxD1CiZ5R7LMwSR0HBAoQn5xM="
    },
    "uuid": {
      "version": "8.3.2",
      "resolved": "https://artifactory.dc.teliacompany.net/artifactory/api/npm/npm-modules-cache-virtual/uuid/-/uuid-8.3.2.tgz",
      "integrity": "sha1-gNW1ztJxu5r2xEXyGhoExgbO++I="
    },
    "vary": {
      "version": "1.1.2",
      "resolved": "https://artifactory.dc.teliacompany.net/artifactory/api/npm/npm-modules-cache-virtual/vary/-/vary-1.1.2.tgz",
      "integrity": "sha1-IpnwLG3tMNSllhsLn3RSShj2NPw="
    },
    "which-pm-runs": {
      "version": "1.0.0",
      "resolved": "https://artifactory.dc.teliacompany.net/artifactory/api/npm/npm-modules-cache-virtual/which-pm-runs/-/which-pm-runs-1.0.0.tgz",
      "integrity": "sha1-Zws6+8VS4LVd9rd4DKdGFfI60cs="
    },
    "wide-align": {
      "version": "1.1.3",
      "resolved": "https://artifactory.dc.teliacompany.net/artifactory/api/npm/npm-modules-cache-virtual/wide-align/-/wide-align-1.1.3.tgz",
      "integrity": "sha1-rgdOa9wMFKQx6ATmJFScYzsABFc=",
      "requires": {
        "string-width": "^1.0.2 || 2"
      }
    },
    "wrappy": {
      "version": "1.0.2",
      "resolved": "https://artifactory.dc.teliacompany.net/artifactory/api/npm/npm-modules-cache-virtual/wrappy/-/wrappy-1.0.2.tgz",
      "integrity": "sha1-tSQ9jz7BqjXxNkYFvA0QNuMKtp8="
    }
  }
}
